// !$*UTF8*$!
{
	archiveVersion = 1;
	classes = {
	};
	objectVersion = 50;
	objects = {

/* Begin PBXBuildFile section */
		4B22F08B2466EE1200D1CE10 /* WeatherManagedObject+CoreDataClass.swift in Sources */ = {isa = PBXBuildFile; fileRef = 4B22F0832466EE1200D1CE10 /* WeatherManagedObject+CoreDataClass.swift */; };
		4B22F08C2466EE1200D1CE10 /* WeatherManagedObject+CoreDataProperties.swift in Sources */ = {isa = PBXBuildFile; fileRef = 4B22F0842466EE1200D1CE10 /* WeatherManagedObject+CoreDataProperties.swift */; };
		4B22F08D2466EE1200D1CE10 /* WeakForecastManagedObject+CoreDataClass.swift in Sources */ = {isa = PBXBuildFile; fileRef = 4B22F0852466EE1200D1CE10 /* WeakForecastManagedObject+CoreDataClass.swift */; };
		4B22F08E2466EE1200D1CE10 /* WeakForecastManagedObject+CoreDataProperties.swift in Sources */ = {isa = PBXBuildFile; fileRef = 4B22F0862466EE1200D1CE10 /* WeakForecastManagedObject+CoreDataProperties.swift */; };
		4B22F08F2466EE1200D1CE10 /* HourlyForecastManagedObject+CoreDataClass.swift in Sources */ = {isa = PBXBuildFile; fileRef = 4B22F0872466EE1200D1CE10 /* HourlyForecastManagedObject+CoreDataClass.swift */; };
		4B22F0902466EE1200D1CE10 /* HourlyForecastManagedObject+CoreDataProperties.swift in Sources */ = {isa = PBXBuildFile; fileRef = 4B22F0882466EE1200D1CE10 /* HourlyForecastManagedObject+CoreDataProperties.swift */; };
		4B22F0912466EE1200D1CE10 /* WeatherInfoManagedObject+CoreDataClass.swift in Sources */ = {isa = PBXBuildFile; fileRef = 4B22F0892466EE1200D1CE10 /* WeatherInfoManagedObject+CoreDataClass.swift */; };
		4B22F0922466EE1200D1CE10 /* WeatherInfoManagedObject+CoreDataProperties.swift in Sources */ = {isa = PBXBuildFile; fileRef = 4B22F08A2466EE1200D1CE10 /* WeatherInfoManagedObject+CoreDataProperties.swift */; };
		4B366B47246B2C6C00A70299 /* NibLoadable.swift in Sources */ = {isa = PBXBuildFile; fileRef = 4B366B46246B2C6C00A70299 /* NibLoadable.swift */; };
		4B366B4C246B2CBD00A70299 /* WeatherInfoItemView.xib in Resources */ = {isa = PBXBuildFile; fileRef = 4B366B4B246B2CBD00A70299 /* WeatherInfoItemView.xib */; };
		4B366B4E246B300E00A70299 /* WeatherInfoItemView.swift in Sources */ = {isa = PBXBuildFile; fileRef = 4B366B4D246B300E00A70299 /* WeatherInfoItemView.swift */; };
		4B37AFEF24685802005777B5 /* DateManager.swift in Sources */ = {isa = PBXBuildFile; fileRef = 4B37AFEE24685802005777B5 /* DateManager.swift */; };
		4B37AFF124685816005777B5 /* DateManagerProtocol.swift in Sources */ = {isa = PBXBuildFile; fileRef = 4B37AFF024685816005777B5 /* DateManagerProtocol.swift */; };
		4B37AFF424687A7A005777B5 /* LocationManagerProtocol.swift in Sources */ = {isa = PBXBuildFile; fileRef = 4B37AFF324687A7A005777B5 /* LocationManagerProtocol.swift */; };
		4B37AFF624687A84005777B5 /* LocationManager.swift in Sources */ = {isa = PBXBuildFile; fileRef = 4B37AFF524687A84005777B5 /* LocationManager.swift */; };
		4B38D02E246A92B80065B3F4 /* WeatherInfoViewController.swift in Sources */ = {isa = PBXBuildFile; fileRef = 4B38D02D246A92B80065B3F4 /* WeatherInfoViewController.swift */; };
		4B38D030246A92D20065B3F4 /* WeatherInfoViewProtocol.swift in Sources */ = {isa = PBXBuildFile; fileRef = 4B38D02F246A92D20065B3F4 /* WeatherInfoViewProtocol.swift */; };
		4B38D032246A92EA0065B3F4 /* WeatherInfoPresenter.swift in Sources */ = {isa = PBXBuildFile; fileRef = 4B38D031246A92EA0065B3F4 /* WeatherInfoPresenter.swift */; };
		4B38D034246A92F80065B3F4 /* WeatherInfoPresenterProtocol.swift in Sources */ = {isa = PBXBuildFile; fileRef = 4B38D033246A92F80065B3F4 /* WeatherInfoPresenterProtocol.swift */; };
		4B38D03A246AABB40065B3F4 /* WeatherInfoCell.xib in Resources */ = {isa = PBXBuildFile; fileRef = 4B38D039246AABB40065B3F4 /* WeatherInfoCell.xib */; };
		4B38D03E246AABE70065B3F4 /* WeatherInfoCell.swift in Sources */ = {isa = PBXBuildFile; fileRef = 4B38D03D246AABE70065B3F4 /* WeatherInfoCell.swift */; };
		4B38D040246AAC280065B3F4 /* WeakForecastCell.swift in Sources */ = {isa = PBXBuildFile; fileRef = 4B38D03F246AAC280065B3F4 /* WeakForecastCell.swift */; };
		4B38D042246AAC3D0065B3F4 /* WeakForecastCell.xib in Resources */ = {isa = PBXBuildFile; fileRef = 4B38D041246AAC3D0065B3F4 /* WeakForecastCell.xib */; };
		4B38D044246AAC4E0065B3F4 /* HourForecastCell.xib in Resources */ = {isa = PBXBuildFile; fileRef = 4B38D043246AAC4E0065B3F4 /* HourForecastCell.xib */; };
		4B38D048246AADF30065B3F4 /* HourForecastCell.swift in Sources */ = {isa = PBXBuildFile; fileRef = 4B38D047246AADF30065B3F4 /* HourForecastCell.swift */; };
		4B63C3DA2469319C0027011C /* Notification.Name.swift in Sources */ = {isa = PBXBuildFile; fileRef = 4B63C3D92469319C0027011C /* Notification.Name.swift */; };
		4BCD27602466F71A001678BC /* Weather.swift in Sources */ = {isa = PBXBuildFile; fileRef = 4BCD275F2466F71A001678BC /* Weather.swift */; };
		4BCD27622466F72C001678BC /* WeakForecast.swift in Sources */ = {isa = PBXBuildFile; fileRef = 4BCD27612466F72C001678BC /* WeakForecast.swift */; };
		4BCD27642466F746001678BC /* HourlyForecast.swift in Sources */ = {isa = PBXBuildFile; fileRef = 4BCD27632466F746001678BC /* HourlyForecast.swift */; };
		4BCD27662466F753001678BC /* WeatherInfo.swift in Sources */ = {isa = PBXBuildFile; fileRef = 4BCD27652466F753001678BC /* WeatherInfo.swift */; };
		4BCD27682467F14C001678BC /* TimesOfDay.swift in Sources */ = {isa = PBXBuildFile; fileRef = 4BCD27672467F14C001678BC /* TimesOfDay.swift */; };
		4BEE0CCC246549FD00F898C6 /* AppDelegate.swift in Sources */ = {isa = PBXBuildFile; fileRef = 4BEE0CCB246549FD00F898C6 /* AppDelegate.swift */; };
		4BEE0CCE246549FD00F898C6 /* SceneDelegate.swift in Sources */ = {isa = PBXBuildFile; fileRef = 4BEE0CCD246549FD00F898C6 /* SceneDelegate.swift */; };
		4BEE0CD3246549FD00F898C6 /* Main.storyboard in Resources */ = {isa = PBXBuildFile; fileRef = 4BEE0CD1246549FD00F898C6 /* Main.storyboard */; };
		4BEE0CD6246549FD00F898C6 /* WeatherApp.xcdatamodeld in Sources */ = {isa = PBXBuildFile; fileRef = 4BEE0CD4246549FD00F898C6 /* WeatherApp.xcdatamodeld */; };
		4BEE0CD8246549FD00F898C6 /* Assets.xcassets in Resources */ = {isa = PBXBuildFile; fileRef = 4BEE0CD7246549FD00F898C6 /* Assets.xcassets */; };
		4BEE0CDB246549FD00F898C6 /* LaunchScreen.storyboard in Resources */ = {isa = PBXBuildFile; fileRef = 4BEE0CD9246549FD00F898C6 /* LaunchScreen.storyboard */; };
		4BEE0CE924654EE300F898C6 /* WeatherManager.swift in Sources */ = {isa = PBXBuildFile; fileRef = 4BEE0CE824654EE300F898C6 /* WeatherManager.swift */; };
		4BEE0CEB24654EF100F898C6 /* WeatherManagerProtocol.swift in Sources */ = {isa = PBXBuildFile; fileRef = 4BEE0CEA24654EF100F898C6 /* WeatherManagerProtocol.swift */; };
		4BEE0CEE24654F5C00F898C6 /* LocalRepositoryProtocol.swift in Sources */ = {isa = PBXBuildFile; fileRef = 4BEE0CED24654F5C00F898C6 /* LocalRepositoryProtocol.swift */; };
		4BEE0CF024654F6700F898C6 /* LocalRepository.swift in Sources */ = {isa = PBXBuildFile; fileRef = 4BEE0CEF24654F6700F898C6 /* LocalRepository.swift */; };
		4BEE0CF62465500C00F898C6 /* ApiProtocol.swift in Sources */ = {isa = PBXBuildFile; fileRef = 4BEE0CF52465500C00F898C6 /* ApiProtocol.swift */; };
		4BEE0CF82465503D00F898C6 /* OpenWeatherMapApi.swift in Sources */ = {isa = PBXBuildFile; fileRef = 4BEE0CF72465503D00F898C6 /* OpenWeatherMapApi.swift */; };
		4BEE0CFB246552EA00F898C6 /* URLEndpoint.swift in Sources */ = {isa = PBXBuildFile; fileRef = 4BEE0CFA246552EA00F898C6 /* URLEndpoint.swift */; };
		4BEE0CFD2465CBCB00F898C6 /* WeatherData.swift in Sources */ = {isa = PBXBuildFile; fileRef = 4BEE0CFC2465CBCB00F898C6 /* WeatherData.swift */; };
		4BEE0CFF2465CD1B00F898C6 /* ForecastData.swift in Sources */ = {isa = PBXBuildFile; fileRef = 4BEE0CFE2465CD1B00F898C6 /* ForecastData.swift */; };
		4BEE0D012465CD2800F898C6 /* CityData.swift in Sources */ = {isa = PBXBuildFile; fileRef = 4BEE0D002465CD2800F898C6 /* CityData.swift */; };
		4BEE0D052465CF5F00F898C6 /* ForecastInfoData.swift in Sources */ = {isa = PBXBuildFile; fileRef = 4BEE0D042465CF5F00F898C6 /* ForecastInfoData.swift */; };
		4BEE0D072465CF6C00F898C6 /* WeatherInfoData.swift in Sources */ = {isa = PBXBuildFile; fileRef = 4BEE0D062465CF6C00F898C6 /* WeatherInfoData.swift */; };
		4BEE0D092465CF7D00F898C6 /* WindInfoData.swift in Sources */ = {isa = PBXBuildFile; fileRef = 4BEE0D082465CF7C00F898C6 /* WindInfoData.swift */; };
/* End PBXBuildFile section */

/* Begin PBXFileReference section */
		4B22F0832466EE1200D1CE10 /* WeatherManagedObject+CoreDataClass.swift */ = {isa = PBXFileReference; lastKnownFileType = sourcecode.swift; path = "WeatherManagedObject+CoreDataClass.swift"; sourceTree = "<group>"; };
		4B22F0842466EE1200D1CE10 /* WeatherManagedObject+CoreDataProperties.swift */ = {isa = PBXFileReference; lastKnownFileType = sourcecode.swift; path = "WeatherManagedObject+CoreDataProperties.swift"; sourceTree = "<group>"; };
		4B22F0852466EE1200D1CE10 /* WeakForecastManagedObject+CoreDataClass.swift */ = {isa = PBXFileReference; lastKnownFileType = sourcecode.swift; path = "WeakForecastManagedObject+CoreDataClass.swift"; sourceTree = "<group>"; };
		4B22F0862466EE1200D1CE10 /* WeakForecastManagedObject+CoreDataProperties.swift */ = {isa = PBXFileReference; lastKnownFileType = sourcecode.swift; path = "WeakForecastManagedObject+CoreDataProperties.swift"; sourceTree = "<group>"; };
		4B22F0872466EE1200D1CE10 /* HourlyForecastManagedObject+CoreDataClass.swift */ = {isa = PBXFileReference; lastKnownFileType = sourcecode.swift; path = "HourlyForecastManagedObject+CoreDataClass.swift"; sourceTree = "<group>"; };
		4B22F0882466EE1200D1CE10 /* HourlyForecastManagedObject+CoreDataProperties.swift */ = {isa = PBXFileReference; lastKnownFileType = sourcecode.swift; path = "HourlyForecastManagedObject+CoreDataProperties.swift"; sourceTree = "<group>"; };
		4B22F0892466EE1200D1CE10 /* WeatherInfoManagedObject+CoreDataClass.swift */ = {isa = PBXFileReference; lastKnownFileType = sourcecode.swift; path = "WeatherInfoManagedObject+CoreDataClass.swift"; sourceTree = "<group>"; };
		4B22F08A2466EE1200D1CE10 /* WeatherInfoManagedObject+CoreDataProperties.swift */ = {isa = PBXFileReference; lastKnownFileType = sourcecode.swift; path = "WeatherInfoManagedObject+CoreDataProperties.swift"; sourceTree = "<group>"; };
		4B366B46246B2C6C00A70299 /* NibLoadable.swift */ = {isa = PBXFileReference; lastKnownFileType = sourcecode.swift; path = NibLoadable.swift; sourceTree = "<group>"; };
		4B366B4B246B2CBD00A70299 /* WeatherInfoItemView.xib */ = {isa = PBXFileReference; lastKnownFileType = file.xib; path = WeatherInfoItemView.xib; sourceTree = "<group>"; };
		4B366B4D246B300E00A70299 /* WeatherInfoItemView.swift */ = {isa = PBXFileReference; fileEncoding = 4; lastKnownFileType = sourcecode.swift; path = WeatherInfoItemView.swift; sourceTree = "<group>"; };
		4B37AFEE24685802005777B5 /* DateManager.swift */ = {isa = PBXFileReference; lastKnownFileType = sourcecode.swift; path = DateManager.swift; sourceTree = "<group>"; };
		4B37AFF024685816005777B5 /* DateManagerProtocol.swift */ = {isa = PBXFileReference; lastKnownFileType = sourcecode.swift; path = DateManagerProtocol.swift; sourceTree = "<group>"; };
		4B37AFF324687A7A005777B5 /* LocationManagerProtocol.swift */ = {isa = PBXFileReference; lastKnownFileType = sourcecode.swift; path = LocationManagerProtocol.swift; sourceTree = "<group>"; };
		4B37AFF524687A84005777B5 /* LocationManager.swift */ = {isa = PBXFileReference; lastKnownFileType = sourcecode.swift; path = LocationManager.swift; sourceTree = "<group>"; };
		4B38D02D246A92B80065B3F4 /* WeatherInfoViewController.swift */ = {isa = PBXFileReference; lastKnownFileType = sourcecode.swift; path = WeatherInfoViewController.swift; sourceTree = "<group>"; };
		4B38D02F246A92D20065B3F4 /* WeatherInfoViewProtocol.swift */ = {isa = PBXFileReference; lastKnownFileType = sourcecode.swift; path = WeatherInfoViewProtocol.swift; sourceTree = "<group>"; };
		4B38D031246A92EA0065B3F4 /* WeatherInfoPresenter.swift */ = {isa = PBXFileReference; lastKnownFileType = sourcecode.swift; path = WeatherInfoPresenter.swift; sourceTree = "<group>"; };
		4B38D033246A92F80065B3F4 /* WeatherInfoPresenterProtocol.swift */ = {isa = PBXFileReference; lastKnownFileType = sourcecode.swift; path = WeatherInfoPresenterProtocol.swift; sourceTree = "<group>"; };
		4B38D039246AABB40065B3F4 /* WeatherInfoCell.xib */ = {isa = PBXFileReference; lastKnownFileType = file.xib; path = WeatherInfoCell.xib; sourceTree = "<group>"; };
		4B38D03D246AABE70065B3F4 /* WeatherInfoCell.swift */ = {isa = PBXFileReference; lastKnownFileType = sourcecode.swift; path = WeatherInfoCell.swift; sourceTree = "<group>"; };
		4B38D03F246AAC280065B3F4 /* WeakForecastCell.swift */ = {isa = PBXFileReference; lastKnownFileType = sourcecode.swift; path = WeakForecastCell.swift; sourceTree = "<group>"; };
		4B38D041246AAC3D0065B3F4 /* WeakForecastCell.xib */ = {isa = PBXFileReference; lastKnownFileType = file.xib; path = WeakForecastCell.xib; sourceTree = "<group>"; };
		4B38D043246AAC4E0065B3F4 /* HourForecastCell.xib */ = {isa = PBXFileReference; lastKnownFileType = file.xib; path = HourForecastCell.xib; sourceTree = "<group>"; };
		4B38D047246AADF30065B3F4 /* HourForecastCell.swift */ = {isa = PBXFileReference; lastKnownFileType = sourcecode.swift; path = HourForecastCell.swift; sourceTree = "<group>"; };
		4B63C3D92469319C0027011C /* Notification.Name.swift */ = {isa = PBXFileReference; lastKnownFileType = sourcecode.swift; path = Notification.Name.swift; sourceTree = "<group>"; };
		4BCD275F2466F71A001678BC /* Weather.swift */ = {isa = PBXFileReference; lastKnownFileType = sourcecode.swift; path = Weather.swift; sourceTree = "<group>"; };
		4BCD27612466F72C001678BC /* WeakForecast.swift */ = {isa = PBXFileReference; lastKnownFileType = sourcecode.swift; path = WeakForecast.swift; sourceTree = "<group>"; };
		4BCD27632466F746001678BC /* HourlyForecast.swift */ = {isa = PBXFileReference; lastKnownFileType = sourcecode.swift; path = HourlyForecast.swift; sourceTree = "<group>"; };
		4BCD27652466F753001678BC /* WeatherInfo.swift */ = {isa = PBXFileReference; lastKnownFileType = sourcecode.swift; path = WeatherInfo.swift; sourceTree = "<group>"; };
		4BCD27672467F14C001678BC /* TimesOfDay.swift */ = {isa = PBXFileReference; lastKnownFileType = sourcecode.swift; path = TimesOfDay.swift; sourceTree = "<group>"; };
		4BEE0CC8246549FD00F898C6 /* WeatherApp.app */ = {isa = PBXFileReference; explicitFileType = wrapper.application; includeInIndex = 0; path = WeatherApp.app; sourceTree = BUILT_PRODUCTS_DIR; };
		4BEE0CCB246549FD00F898C6 /* AppDelegate.swift */ = {isa = PBXFileReference; lastKnownFileType = sourcecode.swift; path = AppDelegate.swift; sourceTree = "<group>"; };
		4BEE0CCD246549FD00F898C6 /* SceneDelegate.swift */ = {isa = PBXFileReference; lastKnownFileType = sourcecode.swift; path = SceneDelegate.swift; sourceTree = "<group>"; };
		4BEE0CD2246549FD00F898C6 /* Base */ = {isa = PBXFileReference; lastKnownFileType = file.storyboard; name = Base; path = Base.lproj/Main.storyboard; sourceTree = "<group>"; };
		4BEE0CD5246549FD00F898C6 /* WeatherApp.xcdatamodel */ = {isa = PBXFileReference; lastKnownFileType = wrapper.xcdatamodel; path = WeatherApp.xcdatamodel; sourceTree = "<group>"; };
		4BEE0CD7246549FD00F898C6 /* Assets.xcassets */ = {isa = PBXFileReference; lastKnownFileType = folder.assetcatalog; path = Assets.xcassets; sourceTree = "<group>"; };
		4BEE0CDA246549FD00F898C6 /* Base */ = {isa = PBXFileReference; lastKnownFileType = file.storyboard; name = Base; path = Base.lproj/LaunchScreen.storyboard; sourceTree = "<group>"; };
		4BEE0CDC246549FE00F898C6 /* Info.plist */ = {isa = PBXFileReference; lastKnownFileType = text.plist.xml; path = Info.plist; sourceTree = "<group>"; };
		4BEE0CE824654EE300F898C6 /* WeatherManager.swift */ = {isa = PBXFileReference; lastKnownFileType = sourcecode.swift; path = WeatherManager.swift; sourceTree = "<group>"; };
		4BEE0CEA24654EF100F898C6 /* WeatherManagerProtocol.swift */ = {isa = PBXFileReference; lastKnownFileType = sourcecode.swift; path = WeatherManagerProtocol.swift; sourceTree = "<group>"; };
		4BEE0CED24654F5C00F898C6 /* LocalRepositoryProtocol.swift */ = {isa = PBXFileReference; lastKnownFileType = sourcecode.swift; path = LocalRepositoryProtocol.swift; sourceTree = "<group>"; };
		4BEE0CEF24654F6700F898C6 /* LocalRepository.swift */ = {isa = PBXFileReference; lastKnownFileType = sourcecode.swift; path = LocalRepository.swift; sourceTree = "<group>"; };
		4BEE0CF52465500C00F898C6 /* ApiProtocol.swift */ = {isa = PBXFileReference; lastKnownFileType = sourcecode.swift; path = ApiProtocol.swift; sourceTree = "<group>"; };
		4BEE0CF72465503D00F898C6 /* OpenWeatherMapApi.swift */ = {isa = PBXFileReference; lastKnownFileType = sourcecode.swift; path = OpenWeatherMapApi.swift; sourceTree = "<group>"; };
		4BEE0CFA246552EA00F898C6 /* URLEndpoint.swift */ = {isa = PBXFileReference; lastKnownFileType = sourcecode.swift; path = URLEndpoint.swift; sourceTree = "<group>"; };
		4BEE0CFC2465CBCB00F898C6 /* WeatherData.swift */ = {isa = PBXFileReference; lastKnownFileType = sourcecode.swift; path = WeatherData.swift; sourceTree = "<group>"; };
		4BEE0CFE2465CD1B00F898C6 /* ForecastData.swift */ = {isa = PBXFileReference; lastKnownFileType = sourcecode.swift; path = ForecastData.swift; sourceTree = "<group>"; };
		4BEE0D002465CD2800F898C6 /* CityData.swift */ = {isa = PBXFileReference; lastKnownFileType = sourcecode.swift; path = CityData.swift; sourceTree = "<group>"; };
		4BEE0D042465CF5F00F898C6 /* ForecastInfoData.swift */ = {isa = PBXFileReference; lastKnownFileType = sourcecode.swift; path = ForecastInfoData.swift; sourceTree = "<group>"; };
		4BEE0D062465CF6C00F898C6 /* WeatherInfoData.swift */ = {isa = PBXFileReference; lastKnownFileType = sourcecode.swift; path = WeatherInfoData.swift; sourceTree = "<group>"; };
		4BEE0D082465CF7C00F898C6 /* WindInfoData.swift */ = {isa = PBXFileReference; lastKnownFileType = sourcecode.swift; path = WindInfoData.swift; sourceTree = "<group>"; };
/* End PBXFileReference section */

/* Begin PBXFrameworksBuildPhase section */
		4BEE0CC5246549FD00F898C6 /* Frameworks */ = {
			isa = PBXFrameworksBuildPhase;
			buildActionMask = 2147483647;
			files = (
			);
			runOnlyForDeploymentPostprocessing = 0;
		};
/* End PBXFrameworksBuildPhase section */

/* Begin PBXGroup section */
		4B22F0822466EDEF00D1CE10 /* ManagedObjects */ = {
			isa = PBXGroup;
			children = (
				4B22F0942466EEF700D1CE10 /* CoreDataProperties */,
				4B22F0932466EEEA00D1CE10 /* CoreDataClasses */,
			);
			path = ManagedObjects;
			sourceTree = "<group>";
		};
		4B22F0932466EEEA00D1CE10 /* CoreDataClasses */ = {
			isa = PBXGroup;
			children = (
				4B22F0832466EE1200D1CE10 /* WeatherManagedObject+CoreDataClass.swift */,
				4B22F0852466EE1200D1CE10 /* WeakForecastManagedObject+CoreDataClass.swift */,
				4B22F0872466EE1200D1CE10 /* HourlyForecastManagedObject+CoreDataClass.swift */,
				4B22F0892466EE1200D1CE10 /* WeatherInfoManagedObject+CoreDataClass.swift */,
			);
			path = CoreDataClasses;
			sourceTree = "<group>";
		};
		4B22F0942466EEF700D1CE10 /* CoreDataProperties */ = {
			isa = PBXGroup;
			children = (
				4B22F0842466EE1200D1CE10 /* WeatherManagedObject+CoreDataProperties.swift */,
				4B22F0862466EE1200D1CE10 /* WeakForecastManagedObject+CoreDataProperties.swift */,
				4B22F0882466EE1200D1CE10 /* HourlyForecastManagedObject+CoreDataProperties.swift */,
				4B22F08A2466EE1200D1CE10 /* WeatherInfoManagedObject+CoreDataProperties.swift */,
			);
			path = CoreDataProperties;
			sourceTree = "<group>";
		};
		4B366B45246B2C5700A70299 /* Protocols */ = {
			isa = PBXGroup;
			children = (
				4B366B46246B2C6C00A70299 /* NibLoadable.swift */,
			);
			path = Protocols;
			sourceTree = "<group>";
		};
		4B366B48246B2C8500A70299 /* InfoItem */ = {
			isa = PBXGroup;
			children = (
				4B366B4D246B300E00A70299 /* WeatherInfoItemView.swift */,
				4B366B4B246B2CBD00A70299 /* WeatherInfoItemView.xib */,
			);
			path = InfoItem;
			sourceTree = "<group>";
		};
		4B37AFED246857DD005777B5 /* DateManager */ = {
			isa = PBXGroup;
			children = (
				4B37AFEE24685802005777B5 /* DateManager.swift */,
				4B37AFF024685816005777B5 /* DateManagerProtocol.swift */,
			);
			path = DateManager;
			sourceTree = "<group>";
		};
		4B37AFF224687A66005777B5 /* LocationManager */ = {
			isa = PBXGroup;
			children = (
				4B37AFF324687A7A005777B5 /* LocationManagerProtocol.swift */,
				4B37AFF524687A84005777B5 /* LocationManager.swift */,
			);
			path = LocationManager;
			sourceTree = "<group>";
		};
		4B38D029246A921A0065B3F4 /* Scenes */ = {
			isa = PBXGroup;
			children = (
				4B38D02C246A92780065B3F4 /* WeatherInfo */,
			);
			path = Scenes;
			sourceTree = "<group>";
		};
		4B38D02A246A925A0065B3F4 /* View */ = {
			isa = PBXGroup;
			children = (
				4B38D02D246A92B80065B3F4 /* WeatherInfoViewController.swift */,
				4B38D02F246A92D20065B3F4 /* WeatherInfoViewProtocol.swift */,
				4BEE0CD1246549FD00F898C6 /* Main.storyboard */,
			);
			path = View;
			sourceTree = "<group>";
		};
		4B38D02B246A926D0065B3F4 /* Presenter */ = {
			isa = PBXGroup;
			children = (
				4B38D031246A92EA0065B3F4 /* WeatherInfoPresenter.swift */,
				4B38D033246A92F80065B3F4 /* WeatherInfoPresenterProtocol.swift */,
			);
			path = Presenter;
			sourceTree = "<group>";
		};
		4B38D02C246A92780065B3F4 /* WeatherInfo */ = {
			isa = PBXGroup;
			children = (
				4B38D035246AAB220065B3F4 /* Cells */,
				4B38D02A246A925A0065B3F4 /* View */,
				4B38D02B246A926D0065B3F4 /* Presenter */,
			);
			path = WeatherInfo;
			sourceTree = "<group>";
		};
		4B38D035246AAB220065B3F4 /* Cells */ = {
			isa = PBXGroup;
			children = (
				4B38D038246AAB4C0065B3F4 /* WeatherInfo */,
				4B38D037246AAB3E0065B3F4 /* WeakForecast */,
				4B38D036246AAB2C0065B3F4 /* HourWorecast */,
			);
			path = Cells;
			sourceTree = "<group>";
		};
		4B38D036246AAB2C0065B3F4 /* HourWorecast */ = {
			isa = PBXGroup;
			children = (
				4B38D043246AAC4E0065B3F4 /* HourForecastCell.xib */,
				4B38D047246AADF30065B3F4 /* HourForecastCell.swift */,
			);
			path = HourWorecast;
			sourceTree = "<group>";
		};
		4B38D037246AAB3E0065B3F4 /* WeakForecast */ = {
			isa = PBXGroup;
			children = (
				4B38D03F246AAC280065B3F4 /* WeakForecastCell.swift */,
				4B38D041246AAC3D0065B3F4 /* WeakForecastCell.xib */,
			);
			path = WeakForecast;
			sourceTree = "<group>";
		};
		4B38D038246AAB4C0065B3F4 /* WeatherInfo */ = {
			isa = PBXGroup;
			children = (
				4B366B48246B2C8500A70299 /* InfoItem */,
				4B38D039246AABB40065B3F4 /* WeatherInfoCell.xib */,
				4B38D03D246AABE70065B3F4 /* WeatherInfoCell.swift */,
			);
			path = WeatherInfo;
			sourceTree = "<group>";
		};
		4BCD275E2466F711001678BC /* Weather */ = {
			isa = PBXGroup;
			children = (
				4BCD275F2466F71A001678BC /* Weather.swift */,
				4BCD27612466F72C001678BC /* WeakForecast.swift */,
				4BCD27632466F746001678BC /* HourlyForecast.swift */,
				4BCD27652466F753001678BC /* WeatherInfo.swift */,
			);
			path = Weather;
			sourceTree = "<group>";
		};
		4BCD27692468036C001678BC /* Common */ = {
			isa = PBXGroup;
			children = (
				4B366B45246B2C5700A70299 /* Protocols */,
				4BCD276A24680378001678BC /* Extension */,
				4B63C3D92469319C0027011C /* Notification.Name.swift */,
			);
			path = Common;
			sourceTree = "<group>";
		};
		4BCD276A24680378001678BC /* Extension */ = {
			isa = PBXGroup;
			children = (
			);
			path = Extension;
			sourceTree = "<group>";
		};
		4BEE0CBF246549FD00F898C6 = {
			isa = PBXGroup;
			children = (
				4BEE0CCA246549FD00F898C6 /* WeatherApp */,
				4BEE0CC9246549FD00F898C6 /* Products */,
			);
			sourceTree = "<group>";
		};
		4BEE0CC9246549FD00F898C6 /* Products */ = {
			isa = PBXGroup;
			children = (
				4BEE0CC8246549FD00F898C6 /* WeatherApp.app */,
			);
			name = Products;
			sourceTree = "<group>";
		};
		4BEE0CCA246549FD00F898C6 /* WeatherApp */ = {
			isa = PBXGroup;
			children = (
				4BCD27692468036C001678BC /* Common */,
				4BEE0CEC24654F4300F898C6 /* API */,
				4BEE0CE324654DC400F898C6 /* Models */,
				4BEE0CE224654D8300F898C6 /* Services */,
				4B38D029246A921A0065B3F4 /* Scenes */,
				4BEE0CCB246549FD00F898C6 /* AppDelegate.swift */,
				4BEE0CCD246549FD00F898C6 /* SceneDelegate.swift */,
				4BEE0CD7246549FD00F898C6 /* Assets.xcassets */,
				4BEE0CD9246549FD00F898C6 /* LaunchScreen.storyboard */,
				4BEE0CDC246549FE00F898C6 /* Info.plist */,
				4BEE0CD4246549FD00F898C6 /* WeatherApp.xcdatamodeld */,
			);
			path = WeatherApp;
			sourceTree = "<group>";
		};
		4BEE0CE224654D8300F898C6 /* Services */ = {
			isa = PBXGroup;
			children = (
				4B37AFF224687A66005777B5 /* LocationManager */,
				4B37AFED246857DD005777B5 /* DateManager */,
				4BEE0CE724654EA400F898C6 /* WeatherManager */,
				4BEE0CE624654E8800F898C6 /* DataLayer */,
			);
			path = Services;
			sourceTree = "<group>";
		};
		4BEE0CE324654DC400F898C6 /* Models */ = {
			isa = PBXGroup;
			children = (
				4BCD275E2466F711001678BC /* Weather */,
				4B22F0822466EDEF00D1CE10 /* ManagedObjects */,
				4BEE0D022465CD3B00F898C6 /* Api */,
			);
			path = Models;
			sourceTree = "<group>";
		};
		4BEE0CE624654E8800F898C6 /* DataLayer */ = {
			isa = PBXGroup;
			children = (
				4BEE0CEF24654F6700F898C6 /* LocalRepository.swift */,
				4BEE0CED24654F5C00F898C6 /* LocalRepositoryProtocol.swift */,
			);
			path = DataLayer;
			sourceTree = "<group>";
		};
		4BEE0CE724654EA400F898C6 /* WeatherManager */ = {
			isa = PBXGroup;
			children = (
				4BEE0CE824654EE300F898C6 /* WeatherManager.swift */,
				4BEE0CEA24654EF100F898C6 /* WeatherManagerProtocol.swift */,
			);
			path = WeatherManager;
			sourceTree = "<group>";
		};
		4BEE0CEC24654F4300F898C6 /* API */ = {
			isa = PBXGroup;
			children = (
				4BEE0CF9246552BA00F898C6 /* URLEndpoint */,
				4BEE0CF52465500C00F898C6 /* ApiProtocol.swift */,
				4BEE0CF72465503D00F898C6 /* OpenWeatherMapApi.swift */,
			);
			path = API;
			sourceTree = "<group>";
		};
		4BEE0CF9246552BA00F898C6 /* URLEndpoint */ = {
			isa = PBXGroup;
			children = (
				4BEE0CFA246552EA00F898C6 /* URLEndpoint.swift */,
			);
			path = URLEndpoint;
			sourceTree = "<group>";
		};
		4BEE0D022465CD3B00F898C6 /* Api */ = {
			isa = PBXGroup;
			children = (
				4BEE0D032465CF2900F898C6 /* Forecast */,
				4BEE0CFC2465CBCB00F898C6 /* WeatherData.swift */,
				4BEE0D002465CD2800F898C6 /* CityData.swift */,
			);
			path = Api;
			sourceTree = "<group>";
		};
		4BEE0D032465CF2900F898C6 /* Forecast */ = {
			isa = PBXGroup;
			children = (
				4BEE0CFE2465CD1B00F898C6 /* ForecastData.swift */,
				4BEE0D0A2465CF9100F898C6 /* Info */,
			);
			path = Forecast;
			sourceTree = "<group>";
		};
		4BEE0D0A2465CF9100F898C6 /* Info */ = {
			isa = PBXGroup;
			children = (
				4BEE0D042465CF5F00F898C6 /* ForecastInfoData.swift */,
				4BEE0D062465CF6C00F898C6 /* WeatherInfoData.swift */,
				4BEE0D082465CF7C00F898C6 /* WindInfoData.swift */,
				4BCD27672467F14C001678BC /* TimesOfDay.swift */,
			);
			path = Info;
			sourceTree = "<group>";
		};
/* End PBXGroup section */

/* Begin PBXNativeTarget section */
		4BEE0CC7246549FD00F898C6 /* WeatherApp */ = {
			isa = PBXNativeTarget;
			buildConfigurationList = 4BEE0CDF246549FE00F898C6 /* Build configuration list for PBXNativeTarget "WeatherApp" */;
			buildPhases = (
				4BEE0CC4246549FD00F898C6 /* Sources */,
				4BEE0CC5246549FD00F898C6 /* Frameworks */,
				4BEE0CC6246549FD00F898C6 /* Resources */,
			);
			buildRules = (
			);
			dependencies = (
			);
			name = WeatherApp;
			productName = WeatherApp;
			productReference = 4BEE0CC8246549FD00F898C6 /* WeatherApp.app */;
			productType = "com.apple.product-type.application";
		};
/* End PBXNativeTarget section */

/* Begin PBXProject section */
		4BEE0CC0246549FD00F898C6 /* Project object */ = {
			isa = PBXProject;
			attributes = {
				LastSwiftUpdateCheck = 1130;
				LastUpgradeCheck = 1130;
				ORGANIZATIONNAME = "Mazurov, Aleksandr";
				TargetAttributes = {
					4BEE0CC7246549FD00F898C6 = {
						CreatedOnToolsVersion = 11.3.1;
					};
				};
			};
			buildConfigurationList = 4BEE0CC3246549FD00F898C6 /* Build configuration list for PBXProject "WeatherApp" */;
			compatibilityVersion = "Xcode 9.3";
			developmentRegion = en;
			hasScannedForEncodings = 0;
			knownRegions = (
				en,
				Base,
			);
			mainGroup = 4BEE0CBF246549FD00F898C6;
			productRefGroup = 4BEE0CC9246549FD00F898C6 /* Products */;
			projectDirPath = "";
			projectRoot = "";
			targets = (
				4BEE0CC7246549FD00F898C6 /* WeatherApp */,
			);
		};
/* End PBXProject section */

/* Begin PBXResourcesBuildPhase section */
		4BEE0CC6246549FD00F898C6 /* Resources */ = {
			isa = PBXResourcesBuildPhase;
			buildActionMask = 2147483647;
			files = (
				4B38D044246AAC4E0065B3F4 /* HourForecastCell.xib in Resources */,
				4B366B4C246B2CBD00A70299 /* WeatherInfoItemView.xib in Resources */,
				4B38D03A246AABB40065B3F4 /* WeatherInfoCell.xib in Resources */,
				4BEE0CDB246549FD00F898C6 /* LaunchScreen.storyboard in Resources */,
				4BEE0CD8246549FD00F898C6 /* Assets.xcassets in Resources */,
				4B38D042246AAC3D0065B3F4 /* WeakForecastCell.xib in Resources */,
				4BEE0CD3246549FD00F898C6 /* Main.storyboard in Resources */,
			);
			runOnlyForDeploymentPostprocessing = 0;
		};
/* End PBXResourcesBuildPhase section */

/* Begin PBXSourcesBuildPhase section */
		4BEE0CC4246549FD00F898C6 /* Sources */ = {
			isa = PBXSourcesBuildPhase;
			buildActionMask = 2147483647;
			files = (
				4BEE0CF82465503D00F898C6 /* OpenWeatherMapApi.swift in Sources */,
				4BEE0CD6246549FD00F898C6 /* WeatherApp.xcdatamodeld in Sources */,
				4BEE0D092465CF7D00F898C6 /* WindInfoData.swift in Sources */,
				4B22F08D2466EE1200D1CE10 /* WeakForecastManagedObject+CoreDataClass.swift in Sources */,
				4B37AFF424687A7A005777B5 /* LocationManagerProtocol.swift in Sources */,
				4B22F08F2466EE1200D1CE10 /* HourlyForecastManagedObject+CoreDataClass.swift in Sources */,
				4BEE0CFD2465CBCB00F898C6 /* WeatherData.swift in Sources */,
				4B22F0902466EE1200D1CE10 /* HourlyForecastManagedObject+CoreDataProperties.swift in Sources */,
				4B37AFF624687A84005777B5 /* LocationManager.swift in Sources */,
				4B366B47246B2C6C00A70299 /* NibLoadable.swift in Sources */,
				4B37AFEF24685802005777B5 /* DateManager.swift in Sources */,
				4B366B4E246B300E00A70299 /* WeatherInfoItemView.swift in Sources */,
				4BCD27662466F753001678BC /* WeatherInfo.swift in Sources */,
				4BCD27622466F72C001678BC /* WeakForecast.swift in Sources */,
				4BCD27602466F71A001678BC /* Weather.swift in Sources */,
				4B22F0912466EE1200D1CE10 /* WeatherInfoManagedObject+CoreDataClass.swift in Sources */,
				4BEE0CEE24654F5C00F898C6 /* LocalRepositoryProtocol.swift in Sources */,
				4B38D048246AADF30065B3F4 /* HourForecastCell.swift in Sources */,
				4B22F08C2466EE1200D1CE10 /* WeatherManagedObject+CoreDataProperties.swift in Sources */,
				4BEE0CF62465500C00F898C6 /* ApiProtocol.swift in Sources */,
				4B22F08B2466EE1200D1CE10 /* WeatherManagedObject+CoreDataClass.swift in Sources */,
				4BEE0CFB246552EA00F898C6 /* URLEndpoint.swift in Sources */,
				4BCD27642466F746001678BC /* HourlyForecast.swift in Sources */,
				4B38D032246A92EA0065B3F4 /* WeatherInfoPresenter.swift in Sources */,
				4BEE0CF024654F6700F898C6 /* LocalRepository.swift in Sources */,
				4BEE0D072465CF6C00F898C6 /* WeatherInfoData.swift in Sources */,
				4B38D03E246AABE70065B3F4 /* WeatherInfoCell.swift in Sources */,
				4B22F0922466EE1200D1CE10 /* WeatherInfoManagedObject+CoreDataProperties.swift in Sources */,
				4BEE0CEB24654EF100F898C6 /* WeatherManagerProtocol.swift in Sources */,
				4BEE0CE924654EE300F898C6 /* WeatherManager.swift in Sources */,
				4B63C3DA2469319C0027011C /* Notification.Name.swift in Sources */,
				4B38D030246A92D20065B3F4 /* WeatherInfoViewProtocol.swift in Sources */,
				4BEE0CCC246549FD00F898C6 /* AppDelegate.swift in Sources */,
				4BEE0D012465CD2800F898C6 /* CityData.swift in Sources */,
				4B38D02E246A92B80065B3F4 /* WeatherInfoViewController.swift in Sources */,
				4B38D040246AAC280065B3F4 /* WeakForecastCell.swift in Sources */,
				4BEE0D052465CF5F00F898C6 /* ForecastInfoData.swift in Sources */,
				4B22F08E2466EE1200D1CE10 /* WeakForecastManagedObject+CoreDataProperties.swift in Sources */,
				4B38D034246A92F80065B3F4 /* WeatherInfoPresenterProtocol.swift in Sources */,
				4BCD27682467F14C001678BC /* TimesOfDay.swift in Sources */,
				4BEE0CFF2465CD1B00F898C6 /* ForecastData.swift in Sources */,
				4BEE0CCE246549FD00F898C6 /* SceneDelegate.swift in Sources */,
				4B37AFF124685816005777B5 /* DateManagerProtocol.swift in Sources */,
			);
			runOnlyForDeploymentPostprocessing = 0;
		};
/* End PBXSourcesBuildPhase section */

/* Begin PBXVariantGroup section */
		4BEE0CD1246549FD00F898C6 /* Main.storyboard */ = {
			isa = PBXVariantGroup;
			children = (
				4BEE0CD2246549FD00F898C6 /* Base */,
			);
			name = Main.storyboard;
			sourceTree = "<group>";
		};
		4BEE0CD9246549FD00F898C6 /* LaunchScreen.storyboard */ = {
			isa = PBXVariantGroup;
			children = (
				4BEE0CDA246549FD00F898C6 /* Base */,
			);
			name = LaunchScreen.storyboard;
			sourceTree = "<group>";
		};
/* End PBXVariantGroup section */

/* Begin XCBuildConfiguration section */
		4BEE0CDD246549FE00F898C6 /* Debug */ = {
			isa = XCBuildConfiguration;
			buildSettings = {
				ALWAYS_SEARCH_USER_PATHS = NO;
				CLANG_ANALYZER_NONNULL = YES;
				CLANG_ANALYZER_NUMBER_OBJECT_CONVERSION = YES_AGGRESSIVE;
				CLANG_CXX_LANGUAGE_STANDARD = "gnu++14";
				CLANG_CXX_LIBRARY = "libc++";
				CLANG_ENABLE_MODULES = YES;
				CLANG_ENABLE_OBJC_ARC = YES;
				CLANG_ENABLE_OBJC_WEAK = YES;
				CLANG_WARN_BLOCK_CAPTURE_AUTORELEASING = YES;
				CLANG_WARN_BOOL_CONVERSION = YES;
				CLANG_WARN_COMMA = YES;
				CLANG_WARN_CONSTANT_CONVERSION = YES;
				CLANG_WARN_DEPRECATED_OBJC_IMPLEMENTATIONS = YES;
				CLANG_WARN_DIRECT_OBJC_ISA_USAGE = YES_ERROR;
				CLANG_WARN_DOCUMENTATION_COMMENTS = YES;
				CLANG_WARN_EMPTY_BODY = YES;
				CLANG_WARN_ENUM_CONVERSION = YES;
				CLANG_WARN_INFINITE_RECURSION = YES;
				CLANG_WARN_INT_CONVERSION = YES;
				CLANG_WARN_NON_LITERAL_NULL_CONVERSION = YES;
				CLANG_WARN_OBJC_IMPLICIT_RETAIN_SELF = YES;
				CLANG_WARN_OBJC_LITERAL_CONVERSION = YES;
				CLANG_WARN_OBJC_ROOT_CLASS = YES_ERROR;
				CLANG_WARN_RANGE_LOOP_ANALYSIS = YES;
				CLANG_WARN_STRICT_PROTOTYPES = YES;
				CLANG_WARN_SUSPICIOUS_MOVE = YES;
				CLANG_WARN_UNGUARDED_AVAILABILITY = YES_AGGRESSIVE;
				CLANG_WARN_UNREACHABLE_CODE = YES;
				CLANG_WARN__DUPLICATE_METHOD_MATCH = YES;
				COPY_PHASE_STRIP = NO;
				DEBUG_INFORMATION_FORMAT = dwarf;
				ENABLE_STRICT_OBJC_MSGSEND = YES;
				ENABLE_TESTABILITY = YES;
				GCC_C_LANGUAGE_STANDARD = gnu11;
				GCC_DYNAMIC_NO_PIC = NO;
				GCC_NO_COMMON_BLOCKS = YES;
				GCC_OPTIMIZATION_LEVEL = 0;
				GCC_PREPROCESSOR_DEFINITIONS = (
					"DEBUG=1",
					"$(inherited)",
				);
				GCC_WARN_64_TO_32_BIT_CONVERSION = YES;
				GCC_WARN_ABOUT_RETURN_TYPE = YES_ERROR;
				GCC_WARN_UNDECLARED_SELECTOR = YES;
				GCC_WARN_UNINITIALIZED_AUTOS = YES_AGGRESSIVE;
				GCC_WARN_UNUSED_FUNCTION = YES;
				GCC_WARN_UNUSED_VARIABLE = YES;
				IPHONEOS_DEPLOYMENT_TARGET = 13.2;
				MTL_ENABLE_DEBUG_INFO = INCLUDE_SOURCE;
				MTL_FAST_MATH = YES;
				ONLY_ACTIVE_ARCH = YES;
				SDKROOT = iphoneos;
				SWIFT_ACTIVE_COMPILATION_CONDITIONS = DEBUG;
				SWIFT_OPTIMIZATION_LEVEL = "-Onone";
			};
			name = Debug;
		};
		4BEE0CDE246549FE00F898C6 /* Release */ = {
			isa = XCBuildConfiguration;
			buildSettings = {
				ALWAYS_SEARCH_USER_PATHS = NO;
				CLANG_ANALYZER_NONNULL = YES;
				CLANG_ANALYZER_NUMBER_OBJECT_CONVERSION = YES_AGGRESSIVE;
				CLANG_CXX_LANGUAGE_STANDARD = "gnu++14";
				CLANG_CXX_LIBRARY = "libc++";
				CLANG_ENABLE_MODULES = YES;
				CLANG_ENABLE_OBJC_ARC = YES;
				CLANG_ENABLE_OBJC_WEAK = YES;
				CLANG_WARN_BLOCK_CAPTURE_AUTORELEASING = YES;
				CLANG_WARN_BOOL_CONVERSION = YES;
				CLANG_WARN_COMMA = YES;
				CLANG_WARN_CONSTANT_CONVERSION = YES;
				CLANG_WARN_DEPRECATED_OBJC_IMPLEMENTATIONS = YES;
				CLANG_WARN_DIRECT_OBJC_ISA_USAGE = YES_ERROR;
				CLANG_WARN_DOCUMENTATION_COMMENTS = YES;
				CLANG_WARN_EMPTY_BODY = YES;
				CLANG_WARN_ENUM_CONVERSION = YES;
				CLANG_WARN_INFINITE_RECURSION = YES;
				CLANG_WARN_INT_CONVERSION = YES;
				CLANG_WARN_NON_LITERAL_NULL_CONVERSION = YES;
				CLANG_WARN_OBJC_IMPLICIT_RETAIN_SELF = YES;
				CLANG_WARN_OBJC_LITERAL_CONVERSION = YES;
				CLANG_WARN_OBJC_ROOT_CLASS = YES_ERROR;
				CLANG_WARN_RANGE_LOOP_ANALYSIS = YES;
				CLANG_WARN_STRICT_PROTOTYPES = YES;
				CLANG_WARN_SUSPICIOUS_MOVE = YES;
				CLANG_WARN_UNGUARDED_AVAILABILITY = YES_AGGRESSIVE;
				CLANG_WARN_UNREACHABLE_CODE = YES;
				CLANG_WARN__DUPLICATE_METHOD_MATCH = YES;
				COPY_PHASE_STRIP = NO;
				DEBUG_INFORMATION_FORMAT = "dwarf-with-dsym";
				ENABLE_NS_ASSERTIONS = NO;
				ENABLE_STRICT_OBJC_MSGSEND = YES;
				GCC_C_LANGUAGE_STANDARD = gnu11;
				GCC_NO_COMMON_BLOCKS = YES;
				GCC_WARN_64_TO_32_BIT_CONVERSION = YES;
				GCC_WARN_ABOUT_RETURN_TYPE = YES_ERROR;
				GCC_WARN_UNDECLARED_SELECTOR = YES;
				GCC_WARN_UNINITIALIZED_AUTOS = YES_AGGRESSIVE;
				GCC_WARN_UNUSED_FUNCTION = YES;
				GCC_WARN_UNUSED_VARIABLE = YES;
				IPHONEOS_DEPLOYMENT_TARGET = 13.2;
				MTL_ENABLE_DEBUG_INFO = NO;
				MTL_FAST_MATH = YES;
				SDKROOT = iphoneos;
				SWIFT_COMPILATION_MODE = wholemodule;
				SWIFT_OPTIMIZATION_LEVEL = "-O";
				VALIDATE_PRODUCT = YES;
			};
			name = Release;
		};
		4BEE0CE0246549FE00F898C6 /* Debug */ = {
			isa = XCBuildConfiguration;
			buildSettings = {
				ASSETCATALOG_COMPILER_APPICON_NAME = AppIcon;
				CODE_SIGN_STYLE = Automatic;
				DEVELOPMENT_TEAM = B5XZ5Q4N6A;
				INFOPLIST_FILE = WeatherApp/Info.plist;
				LD_RUNPATH_SEARCH_PATHS = (
					"$(inherited)",
					"@executable_path/Frameworks",
				);
				PRODUCT_BUNDLE_IDENTIFIER = "-.WeatherApp";
				PRODUCT_NAME = "$(TARGET_NAME)";
				SWIFT_VERSION = 5.0;
				TARGETED_DEVICE_FAMILY = "1,2";
			};
			name = Debug;
		};
		4BEE0CE1246549FE00F898C6 /* Release */ = {
			isa = XCBuildConfiguration;
			buildSettings = {
				ASSETCATALOG_COMPILER_APPICON_NAME = AppIcon;
				CODE_SIGN_STYLE = Automatic;
				DEVELOPMENT_TEAM = B5XZ5Q4N6A;
				INFOPLIST_FILE = WeatherApp/Info.plist;
				LD_RUNPATH_SEARCH_PATHS = (
					"$(inherited)",
					"@executable_path/Frameworks",
				);
				PRODUCT_BUNDLE_IDENTIFIER = "-.WeatherApp";
				PRODUCT_NAME = "$(TARGET_NAME)";
				SWIFT_VERSION = 5.0;
				TARGETED_DEVICE_FAMILY = "1,2";
			};
			name = Release;
		};
/* End XCBuildConfiguration section */

/* Begin XCConfigurationList section */
		4BEE0CC3246549FD00F898C6 /* Build configuration list for PBXProject "WeatherApp" */ = {
			isa = XCConfigurationList;
			buildConfigurations = (
				4BEE0CDD246549FE00F898C6 /* Debug */,
				4BEE0CDE246549FE00F898C6 /* Release */,
			);
			defaultConfigurationIsVisible = 0;
			defaultConfigurationName = Release;
		};
		4BEE0CDF246549FE00F898C6 /* Build configuration list for PBXNativeTarget "WeatherApp" */ = {
			isa = XCConfigurationList;
			buildConfigurations = (
				4BEE0CE0246549FE00F898C6 /* Debug */,
				4BEE0CE1246549FE00F898C6 /* Release */,
			);
			defaultConfigurationIsVisible = 0;
			defaultConfigurationName = Release;
		};
/* End XCConfigurationList section */

/* Begin XCVersionGroup section */
		4BEE0CD4246549FD00F898C6 /* WeatherApp.xcdatamodeld */ = {
			isa = XCVersionGroup;
			children = (
				4BEE0CD5246549FD00F898C6 /* WeatherApp.xcdatamodel */,
			);
			currentVersion = 4BEE0CD5246549FD00F898C6 /* WeatherApp.xcdatamodel */;
			path = WeatherApp.xcdatamodeld;
			sourceTree = "<group>";
			versionGroupType = wrapper.xcdatamodel;
		};
/* End XCVersionGroup section */
	};
	rootObject = 4BEE0CC0246549FD00F898C6 /* Project object */;
}
